github.com/portcullis/config v0.0.0-20200919063344-86bf315798d3 h1:y1qqlNqpBQ8P5TMaU9xT2bTuXt5KzPES+yFWc7KEnkI=
github.com/portcullis/config v0.0.0-20200919063344-86bf315798d3/go.mod h1:9YmLD70up21x+xARFRm8AZf82MCOkLYA8BGMc8c6mPY=
github.com/portcullis/logging v0.0.0-20200919063358-4abaef56dee5 h1:pIcG3HBU6p+M9WYRQB4GRe6W1MXyTxHRRle53JnQuQM=
github.com/portcullis/logging v0.0.0-20200919063358-4abaef56dee5/go.mod h1:jZS5zWlpM09FJDDi4ZeBTEg8fzBxFQX8IDHcziDWckY=
