github.com/portcullis/config v0.0.0-20200718224424-ef05468df8d5 h1:LiyOtPl3aUtXIiIxMtWE6iBUewdGRzT4RsCeLgytjpY=
github.com/portcullis/config v0.0.0-20200718224424-ef05468df8d5/go.mod h1:9YmLD70up21x+xARFRm8AZf82MCOkLYA8BGMc8c6mPY=
github.com/portcullis/logging v0.0.0-20200718224534-0e694ad7477a h1:YCP8ajEWwxJ2Foe+F35worV0GTZsEGd0jGFHYcGcrog=
github.com/portcullis/logging v0.0.0-20200718224534-0e694ad7477a/go.mod h1:jZS5zWlpM09FJDDi4ZeBTEg8fzBxFQX8IDHcziDWckY=
github.com/portcullis/module v0.0.0-20200919052001-ee27091d1f50 h1:VUCZkS1r9dL3TrGm5I7qAKA7ocyxVfRafEh5KofFyds=
github.com/portcullis/module v0.0.0-20200919052001-ee27091d1f50/go.mod h1:mCVi1IhO4xuso8FHAmwSxmJv7qqiVsaWV7l85vQ5cGY=
